// !$*UTF8*$!
{
	archiveVersion = 1;
	classes = {
	};
	objectVersion = 56;
	objects = {

/* Begin PBXBuildFile section */
		A7CA04FE2AEE64B6003B7774 /* WalletConnectDemoApp.swift in Sources */ = {isa = PBXBuildFile; fileRef = A7CA04FD2AEE64B6003B7774 /* WalletConnectDemoApp.swift */; };
		A7CA05002AEE64B6003B7774 /* ContentView.swift in Sources */ = {isa = PBXBuildFile; fileRef = A7CA04FF2AEE64B6003B7774 /* ContentView.swift */; };
		A7CA05022AEE64B7003B7774 /* Assets.xcassets in Resources */ = {isa = PBXBuildFile; fileRef = A7CA05012AEE64B7003B7774 /* Assets.xcassets */; };
		A7CA05052AEE64B7003B7774 /* Preview Assets.xcassets in Resources */ = {isa = PBXBuildFile; fileRef = A7CA05042AEE64B7003B7774 /* Preview Assets.xcassets */; };
		A7CA050D2AEE65B3003B7774 /* WalletConnect in Frameworks */ = {isa = PBXBuildFile; productRef = A7CA050C2AEE65B3003B7774 /* WalletConnect */; };
		A7CA050F2AEE65B3003B7774 /* WalletConnectAuth in Frameworks */ = {isa = PBXBuildFile; productRef = A7CA050E2AEE65B3003B7774 /* WalletConnectAuth */; };
		A7CA05112AEE65B3003B7774 /* WalletConnectChat in Frameworks */ = {isa = PBXBuildFile; productRef = A7CA05102AEE65B3003B7774 /* WalletConnectChat */; };
		A7CA05132AEE65B3003B7774 /* WalletConnectHistory in Frameworks */ = {isa = PBXBuildFile; productRef = A7CA05122AEE65B3003B7774 /* WalletConnectHistory */; };
		A7CA05152AEE65B3003B7774 /* WalletConnectModal in Frameworks */ = {isa = PBXBuildFile; productRef = A7CA05142AEE65B3003B7774 /* WalletConnectModal */; };
		A7CA05182AEE667A003B7774 /* WalletConnectManager.swift in Sources */ = {isa = PBXBuildFile; fileRef = A7CA05172AEE667A003B7774 /* WalletConnectManager.swift */; };
		A7CA051B2AEE8048003B7774 /* Starscream in Frameworks */ = {isa = PBXBuildFile; productRef = A7CA051A2AEE8048003B7774 /* Starscream */; };
		A7CA051E2AEE80E5003B7774 /* Web3 in Frameworks */ = {isa = PBXBuildFile; productRef = A7CA051D2AEE80E5003B7774 /* Web3 */; };
		A7CA05202AEE80E5003B7774 /* Web3ContractABI in Frameworks */ = {isa = PBXBuildFile; productRef = A7CA051F2AEE80E5003B7774 /* Web3ContractABI */; };
		A7CA05222AEE80E5003B7774 /* Web3PromiseKit in Frameworks */ = {isa = PBXBuildFile; productRef = A7CA05212AEE80E5003B7774 /* Web3PromiseKit */; };
		A7CA05262AEE816B003B7774 /* Config.swift in Sources */ = {isa = PBXBuildFile; fileRef = A7CA05252AEE816B003B7774 /* Config.swift */; };
/* End PBXBuildFile section */

/* Begin PBXFileReference section */
		A7CA04FA2AEE64B6003B7774 /* WalletConnectDemo.app */ = {isa = PBXFileReference; explicitFileType = wrapper.application; includeInIndex = 0; path = WalletConnectDemo.app; sourceTree = BUILT_PRODUCTS_DIR; };
		A7CA04FD2AEE64B6003B7774 /* WalletConnectDemoApp.swift */ = {isa = PBXFileReference; lastKnownFileType = sourcecode.swift; path = WalletConnectDemoApp.swift; sourceTree = "<group>"; };
		A7CA04FF2AEE64B6003B7774 /* ContentView.swift */ = {isa = PBXFileReference; lastKnownFileType = sourcecode.swift; path = ContentView.swift; sourceTree = "<group>"; };
		A7CA05012AEE64B7003B7774 /* Assets.xcassets */ = {isa = PBXFileReference; lastKnownFileType = folder.assetcatalog; path = Assets.xcassets; sourceTree = "<group>"; };
		A7CA05042AEE64B7003B7774 /* Preview Assets.xcassets */ = {isa = PBXFileReference; lastKnownFileType = folder.assetcatalog; path = "Preview Assets.xcassets"; sourceTree = "<group>"; };
		A7CA05172AEE667A003B7774 /* WalletConnectManager.swift */ = {isa = PBXFileReference; lastKnownFileType = sourcecode.swift; path = WalletConnectManager.swift; sourceTree = SOURCE_ROOT; };
		A7CA05232AEE812B003B7774 /* Configuration.xcconfig */ = {isa = PBXFileReference; lastKnownFileType = text.xcconfig; path = Configuration.xcconfig; sourceTree = "<group>"; };
		A7CA05252AEE816B003B7774 /* Config.swift */ = {isa = PBXFileReference; lastKnownFileType = sourcecode.swift; path = Config.swift; sourceTree = "<group>"; };
		A7CA05272AEE830C003B7774 /* Info.plist */ = {isa = PBXFileReference; lastKnownFileType = text.plist.xml; path = Info.plist; sourceTree = "<group>"; };
/* End PBXFileReference section */

/* Begin PBXFrameworksBuildPhase section */
		A7CA04F72AEE64B6003B7774 /* Frameworks */ = {
			isa = PBXFrameworksBuildPhase;
			buildActionMask = 2147483647;
			files = (
				A7CA050F2AEE65B3003B7774 /* WalletConnectAuth in Frameworks */,
				A7CA05132AEE65B3003B7774 /* WalletConnectHistory in Frameworks */,
				A7CA05202AEE80E5003B7774 /* Web3ContractABI in Frameworks */,
				A7CA051E2AEE80E5003B7774 /* Web3 in Frameworks */,
				A7CA05222AEE80E5003B7774 /* Web3PromiseKit in Frameworks */,
				A7CA05152AEE65B3003B7774 /* WalletConnectModal in Frameworks */,
				A7CA050D2AEE65B3003B7774 /* WalletConnect in Frameworks */,
				A7CA05112AEE65B3003B7774 /* WalletConnectChat in Frameworks */,
				A7CA051B2AEE8048003B7774 /* Starscream in Frameworks */,
			);
			runOnlyForDeploymentPostprocessing = 0;
		};
/* End PBXFrameworksBuildPhase section */

/* Begin PBXGroup section */
		A7CA04F12AEE64B6003B7774 = {
			isa = PBXGroup;
			children = (
				A7CA04FC2AEE64B6003B7774 /* WalletConnectDemo */,
				A7CA04FB2AEE64B6003B7774 /* Products */,
			);
			sourceTree = "<group>";
		};
		A7CA04FB2AEE64B6003B7774 /* Products */ = {
			isa = PBXGroup;
			children = (
				A7CA04FA2AEE64B6003B7774 /* WalletConnectDemo.app */,
			);
			name = Products;
			sourceTree = "<group>";
		};
		A7CA04FC2AEE64B6003B7774 /* WalletConnectDemo */ = {
			isa = PBXGroup;
			children = (
				A7CA05162AEE6611003B7774 /* WalletConnect */,
				A7CA04FD2AEE64B6003B7774 /* WalletConnectDemoApp.swift */,
				A7CA04FF2AEE64B6003B7774 /* ContentView.swift */,
				A7CA05012AEE64B7003B7774 /* Assets.xcassets */,
				A7CA05032AEE64B7003B7774 /* Preview Content */,
				A7CA05232AEE812B003B7774 /* Configuration.xcconfig */,
				A7CA05252AEE816B003B7774 /* Config.swift */,
				A7CA05272AEE830C003B7774 /* Info.plist */,
			);
			path = WalletConnectDemo;
			sourceTree = "<group>";
		};
		A7CA05032AEE64B7003B7774 /* Preview Content */ = {
			isa = PBXGroup;
			children = (
				A7CA05042AEE64B7003B7774 /* Preview Assets.xcassets */,
			);
			path = "Preview Content";
			sourceTree = "<group>";
		};
		A7CA05162AEE6611003B7774 /* WalletConnect */ = {
			isa = PBXGroup;
			children = (
				A7CA05172AEE667A003B7774 /* WalletConnectManager.swift */,
			);
			path = WalletConnect;
			sourceTree = "<group>";
		};
/* End PBXGroup section */

/* Begin PBXNativeTarget section */
		A7CA04F92AEE64B6003B7774 /* WalletConnectDemo */ = {
			isa = PBXNativeTarget;
			buildConfigurationList = A7CA05082AEE64B7003B7774 /* Build configuration list for PBXNativeTarget "WalletConnectDemo" */;
			buildPhases = (
				A7CA04F62AEE64B6003B7774 /* Sources */,
				A7CA04F72AEE64B6003B7774 /* Frameworks */,
				A7CA04F82AEE64B6003B7774 /* Resources */,
			);
			buildRules = (
			);
			dependencies = (
			);
			name = WalletConnectDemo;
			packageProductDependencies = (
				A7CA050C2AEE65B3003B7774 /* WalletConnect */,
				A7CA050E2AEE65B3003B7774 /* WalletConnectAuth */,
				A7CA05102AEE65B3003B7774 /* WalletConnectChat */,
				A7CA05122AEE65B3003B7774 /* WalletConnectHistory */,
				A7CA05142AEE65B3003B7774 /* WalletConnectModal */,
				A7CA051A2AEE8048003B7774 /* Starscream */,
				A7CA051D2AEE80E5003B7774 /* Web3 */,
				A7CA051F2AEE80E5003B7774 /* Web3ContractABI */,
				A7CA05212AEE80E5003B7774 /* Web3PromiseKit */,
			);
			productName = WalletConnectDemo;
			productReference = A7CA04FA2AEE64B6003B7774 /* WalletConnectDemo.app */;
			productType = "com.apple.product-type.application";
		};
/* End PBXNativeTarget section */

/* Begin PBXProject section */
		A7CA04F22AEE64B6003B7774 /* Project object */ = {
			isa = PBXProject;
			attributes = {
				BuildIndependentTargetsInParallel = 1;
				LastSwiftUpdateCheck = 1500;
				LastUpgradeCheck = 1500;
				TargetAttributes = {
					A7CA04F92AEE64B6003B7774 = {
						CreatedOnToolsVersion = 15.0;
					};
				};
			};
			buildConfigurationList = A7CA04F52AEE64B6003B7774 /* Build configuration list for PBXProject "WalletConnectDemo" */;
			compatibilityVersion = "Xcode 14.0";
			developmentRegion = en;
			hasScannedForEncodings = 0;
			knownRegions = (
				en,
				Base,
			);
			mainGroup = A7CA04F12AEE64B6003B7774;
			packageReferences = (
				A7CA050B2AEE65B3003B7774 /* XCRemoteSwiftPackageReference "WalletConnectSwiftV2" */,
				A7CA05192AEE8048003B7774 /* XCRemoteSwiftPackageReference "Starscream" */,
				A7CA051C2AEE80E5003B7774 /* XCRemoteSwiftPackageReference "Web3" */,
			);
			productRefGroup = A7CA04FB2AEE64B6003B7774 /* Products */;
			projectDirPath = "";
			projectRoot = "";
			targets = (
				A7CA04F92AEE64B6003B7774 /* WalletConnectDemo */,
			);
		};
/* End PBXProject section */

/* Begin PBXResourcesBuildPhase section */
		A7CA04F82AEE64B6003B7774 /* Resources */ = {
			isa = PBXResourcesBuildPhase;
			buildActionMask = 2147483647;
			files = (
				A7CA05052AEE64B7003B7774 /* Preview Assets.xcassets in Resources */,
				A7CA05022AEE64B7003B7774 /* Assets.xcassets in Resources */,
			);
			runOnlyForDeploymentPostprocessing = 0;
		};
/* End PBXResourcesBuildPhase section */

/* Begin PBXSourcesBuildPhase section */
		A7CA04F62AEE64B6003B7774 /* Sources */ = {
			isa = PBXSourcesBuildPhase;
			buildActionMask = 2147483647;
			files = (
				A7CA05182AEE667A003B7774 /* WalletConnectManager.swift in Sources */,
				A7CA05262AEE816B003B7774 /* Config.swift in Sources */,
				A7CA05002AEE64B6003B7774 /* ContentView.swift in Sources */,
				A7CA04FE2AEE64B6003B7774 /* WalletConnectDemoApp.swift in Sources */,
			);
			runOnlyForDeploymentPostprocessing = 0;
		};
/* End PBXSourcesBuildPhase section */

/* Begin XCBuildConfiguration section */
		A7CA05062AEE64B7003B7774 /* Debug */ = {
			isa = XCBuildConfiguration;
			baseConfigurationReference = A7CA05232AEE812B003B7774 /* Configuration.xcconfig */;
			buildSettings = {
				ALWAYS_SEARCH_USER_PATHS = NO;
				ASSETCATALOG_COMPILER_GENERATE_SWIFT_ASSET_SYMBOL_EXTENSIONS = YES;
				CLANG_ANALYZER_NONNULL = YES;
				CLANG_ANALYZER_NUMBER_OBJECT_CONVERSION = YES_AGGRESSIVE;
				CLANG_CXX_LANGUAGE_STANDARD = "gnu++20";
				CLANG_ENABLE_MODULES = YES;
				CLANG_ENABLE_OBJC_ARC = YES;
				CLANG_ENABLE_OBJC_WEAK = YES;
				CLANG_WARN_BLOCK_CAPTURE_AUTORELEASING = YES;
				CLANG_WARN_BOOL_CONVERSION = YES;
				CLANG_WARN_COMMA = YES;
				CLANG_WARN_CONSTANT_CONVERSION = YES;
				CLANG_WARN_DEPRECATED_OBJC_IMPLEMENTATIONS = YES;
				CLANG_WARN_DIRECT_OBJC_ISA_USAGE = YES_ERROR;
				CLANG_WARN_DOCUMENTATION_COMMENTS = YES;
				CLANG_WARN_EMPTY_BODY = YES;
				CLANG_WARN_ENUM_CONVERSION = YES;
				CLANG_WARN_INFINITE_RECURSION = YES;
				CLANG_WARN_INT_CONVERSION = YES;
				CLANG_WARN_NON_LITERAL_NULL_CONVERSION = YES;
				CLANG_WARN_OBJC_IMPLICIT_RETAIN_SELF = YES;
				CLANG_WARN_OBJC_LITERAL_CONVERSION = YES;
				CLANG_WARN_OBJC_ROOT_CLASS = YES_ERROR;
				CLANG_WARN_QUOTED_INCLUDE_IN_FRAMEWORK_HEADER = YES;
				CLANG_WARN_RANGE_LOOP_ANALYSIS = YES;
				CLANG_WARN_STRICT_PROTOTYPES = YES;
				CLANG_WARN_SUSPICIOUS_MOVE = YES;
				CLANG_WARN_UNGUARDED_AVAILABILITY = YES_AGGRESSIVE;
				CLANG_WARN_UNREACHABLE_CODE = YES;
				CLANG_WARN__DUPLICATE_METHOD_MATCH = YES;
				COPY_PHASE_STRIP = NO;
				DEBUG_INFORMATION_FORMAT = dwarf;
				ENABLE_STRICT_OBJC_MSGSEND = YES;
				ENABLE_TESTABILITY = YES;
				ENABLE_USER_SCRIPT_SANDBOXING = YES;
				GCC_C_LANGUAGE_STANDARD = gnu17;
				GCC_DYNAMIC_NO_PIC = NO;
				GCC_NO_COMMON_BLOCKS = YES;
				GCC_OPTIMIZATION_LEVEL = 0;
				GCC_PREPROCESSOR_DEFINITIONS = (
					"DEBUG=1",
					"$(inherited)",
				);
				GCC_WARN_64_TO_32_BIT_CONVERSION = YES;
				GCC_WARN_ABOUT_RETURN_TYPE = YES_ERROR;
				GCC_WARN_UNDECLARED_SELECTOR = YES;
				GCC_WARN_UNINITIALIZED_AUTOS = YES_AGGRESSIVE;
				GCC_WARN_UNUSED_FUNCTION = YES;
				GCC_WARN_UNUSED_VARIABLE = YES;
				IPHONEOS_DEPLOYMENT_TARGET = 17.0;
				LOCALIZATION_PREFERS_STRING_CATALOGS = YES;
				MTL_ENABLE_DEBUG_INFO = INCLUDE_SOURCE;
				MTL_FAST_MATH = YES;
				ONLY_ACTIVE_ARCH = YES;
				SDKROOT = iphoneos;
				SWIFT_ACTIVE_COMPILATION_CONDITIONS = "DEBUG $(inherited)";
				SWIFT_OPTIMIZATION_LEVEL = "-Onone";
			};
			name = Debug;
		};
		A7CA05072AEE64B7003B7774 /* Release */ = {
			isa = XCBuildConfiguration;
			baseConfigurationReference = A7CA05232AEE812B003B7774 /* Configuration.xcconfig */;
			buildSettings = {
				ALWAYS_SEARCH_USER_PATHS = NO;
				ASSETCATALOG_COMPILER_GENERATE_SWIFT_ASSET_SYMBOL_EXTENSIONS = YES;
				CLANG_ANALYZER_NONNULL = YES;
				CLANG_ANALYZER_NUMBER_OBJECT_CONVERSION = YES_AGGRESSIVE;
				CLANG_CXX_LANGUAGE_STANDARD = "gnu++20";
				CLANG_ENABLE_MODULES = YES;
				CLANG_ENABLE_OBJC_ARC = YES;
				CLANG_ENABLE_OBJC_WEAK = YES;
				CLANG_WARN_BLOCK_CAPTURE_AUTORELEASING = YES;
				CLANG_WARN_BOOL_CONVERSION = YES;
				CLANG_WARN_COMMA = YES;
				CLANG_WARN_CONSTANT_CONVERSION = YES;
				CLANG_WARN_DEPRECATED_OBJC_IMPLEMENTATIONS = YES;
				CLANG_WARN_DIRECT_OBJC_ISA_USAGE = YES_ERROR;
				CLANG_WARN_DOCUMENTATION_COMMENTS = YES;
				CLANG_WARN_EMPTY_BODY = YES;
				CLANG_WARN_ENUM_CONVERSION = YES;
				CLANG_WARN_INFINITE_RECURSION = YES;
				CLANG_WARN_INT_CONVERSION = YES;
				CLANG_WARN_NON_LITERAL_NULL_CONVERSION = YES;
				CLANG_WARN_OBJC_IMPLICIT_RETAIN_SELF = YES;
				CLANG_WARN_OBJC_LITERAL_CONVERSION = YES;
				CLANG_WARN_OBJC_ROOT_CLASS = YES_ERROR;
				CLANG_WARN_QUOTED_INCLUDE_IN_FRAMEWORK_HEADER = YES;
				CLANG_WARN_RANGE_LOOP_ANALYSIS = YES;
				CLANG_WARN_STRICT_PROTOTYPES = YES;
				CLANG_WARN_SUSPICIOUS_MOVE = YES;
				CLANG_WARN_UNGUARDED_AVAILABILITY = YES_AGGRESSIVE;
				CLANG_WARN_UNREACHABLE_CODE = YES;
				CLANG_WARN__DUPLICATE_METHOD_MATCH = YES;
				COPY_PHASE_STRIP = NO;
				DEBUG_INFORMATION_FORMAT = "dwarf-with-dsym";
				ENABLE_NS_ASSERTIONS = NO;
				ENABLE_STRICT_OBJC_MSGSEND = YES;
				ENABLE_USER_SCRIPT_SANDBOXING = YES;
				GCC_C_LANGUAGE_STANDARD = gnu17;
				GCC_NO_COMMON_BLOCKS = YES;
				GCC_WARN_64_TO_32_BIT_CONVERSION = YES;
				GCC_WARN_ABOUT_RETURN_TYPE = YES_ERROR;
				GCC_WARN_UNDECLARED_SELECTOR = YES;
				GCC_WARN_UNINITIALIZED_AUTOS = YES_AGGRESSIVE;
				GCC_WARN_UNUSED_FUNCTION = YES;
				GCC_WARN_UNUSED_VARIABLE = YES;
				IPHONEOS_DEPLOYMENT_TARGET = 17.0;
				LOCALIZATION_PREFERS_STRING_CATALOGS = YES;
				MTL_ENABLE_DEBUG_INFO = NO;
				MTL_FAST_MATH = YES;
				SDKROOT = iphoneos;
				SWIFT_COMPILATION_MODE = wholemodule;
				VALIDATE_PRODUCT = YES;
			};
			name = Release;
		};
		A7CA05092AEE64B7003B7774 /* Debug */ = {
			isa = XCBuildConfiguration;
			baseConfigurationReference = A7CA05232AEE812B003B7774 /* Configuration.xcconfig */;
			buildSettings = {
				ASSETCATALOG_COMPILER_APPICON_NAME = AppIcon;
				ASSETCATALOG_COMPILER_GLOBAL_ACCENT_COLOR_NAME = AccentColor;
				CODE_SIGN_STYLE = Automatic;
				CURRENT_PROJECT_VERSION = 1;
				DEVELOPMENT_ASSET_PATHS = "\"WalletConnectDemo/Preview Content\"";
				DEVELOPMENT_TEAM = AK62F95LBK;
				ENABLE_PREVIEWS = YES;
				GENERATE_INFOPLIST_FILE = YES;
				INFOPLIST_FILE = WalletConnectDemo/Info.plist;
				INFOPLIST_KEY_UIApplicationSceneManifest_Generation = YES;
				INFOPLIST_KEY_UIApplicationSupportsIndirectInputEvents = YES;
				INFOPLIST_KEY_UILaunchScreen_Generation = YES;
				INFOPLIST_KEY_UISupportedInterfaceOrientations_iPad = "UIInterfaceOrientationPortrait UIInterfaceOrientationPortraitUpsideDown UIInterfaceOrientationLandscapeLeft UIInterfaceOrientationLandscapeRight";
				INFOPLIST_KEY_UISupportedInterfaceOrientations_iPhone = "UIInterfaceOrientationPortrait UIInterfaceOrientationLandscapeLeft UIInterfaceOrientationLandscapeRight";
				LD_RUNPATH_SEARCH_PATHS = (
					"$(inherited)",
					"@executable_path/Frameworks",
				);
				MARKETING_VERSION = 1.0;
				PRODUCT_BUNDLE_IDENTIFIER = com.testareas.WalletConnectDemo;
				PRODUCT_NAME = "$(TARGET_NAME)";
				SWIFT_EMIT_LOC_STRINGS = YES;
				SWIFT_VERSION = 5.0;
				TARGETED_DEVICE_FAMILY = "1,2";
			};
			name = Debug;
		};
		A7CA050A2AEE64B7003B7774 /* Release */ = {
			isa = XCBuildConfiguration;
			baseConfigurationReference = A7CA05232AEE812B003B7774 /* Configuration.xcconfig */;
			buildSettings = {
				ASSETCATALOG_COMPILER_APPICON_NAME = AppIcon;
				ASSETCATALOG_COMPILER_GLOBAL_ACCENT_COLOR_NAME = AccentColor;
				CODE_SIGN_STYLE = Automatic;
				CURRENT_PROJECT_VERSION = 1;
				DEVELOPMENT_ASSET_PATHS = "\"WalletConnectDemo/Preview Content\"";
				DEVELOPMENT_TEAM = AK62F95LBK;
				ENABLE_PREVIEWS = YES;
				GENERATE_INFOPLIST_FILE = YES;
				INFOPLIST_FILE = WalletConnectDemo/Info.plist;
				INFOPLIST_KEY_UIApplicationSceneManifest_Generation = YES;
				INFOPLIST_KEY_UIApplicationSupportsIndirectInputEvents = YES;
				INFOPLIST_KEY_UILaunchScreen_Generation = YES;
				INFOPLIST_KEY_UISupportedInterfaceOrientations_iPad = "UIInterfaceOrientationPortrait UIInterfaceOrientationPortraitUpsideDown UIInterfaceOrientationLandscapeLeft UIInterfaceOrientationLandscapeRight";
				INFOPLIST_KEY_UISupportedInterfaceOrientations_iPhone = "UIInterfaceOrientationPortrait UIInterfaceOrientationLandscapeLeft UIInterfaceOrientationLandscapeRight";
				LD_RUNPATH_SEARCH_PATHS = (
					"$(inherited)",
					"@executable_path/Frameworks",
				);
				MARKETING_VERSION = 1.0;
				PRODUCT_BUNDLE_IDENTIFIER = com.testareas.WalletConnectDemo;
				PRODUCT_NAME = "$(TARGET_NAME)";
				SWIFT_EMIT_LOC_STRINGS = YES;
				SWIFT_VERSION = 5.0;
				TARGETED_DEVICE_FAMILY = "1,2";
			};
			name = Release;
		};
/* End XCBuildConfiguration section */

/* Begin XCConfigurationList section */
		A7CA04F52AEE64B6003B7774 /* Build configuration list for PBXProject "WalletConnectDemo" */ = {
			isa = XCConfigurationList;
			buildConfigurations = (
				A7CA05062AEE64B7003B7774 /* Debug */,
				A7CA05072AEE64B7003B7774 /* Release */,
			);
			defaultConfigurationIsVisible = 0;
			defaultConfigurationName = Release;
		};
		A7CA05082AEE64B7003B7774 /* Build configuration list for PBXNativeTarget "WalletConnectDemo" */ = {
			isa = XCConfigurationList;
			buildConfigurations = (
				A7CA05092AEE64B7003B7774 /* Debug */,
				A7CA050A2AEE64B7003B7774 /* Release */,
			);
			defaultConfigurationIsVisible = 0;
			defaultConfigurationName = Release;
		};
/* End XCConfigurationList section */

/* Begin XCRemoteSwiftPackageReference section */
		A7CA050B2AEE65B3003B7774 /* XCRemoteSwiftPackageReference "WalletConnectSwiftV2" */ = {
			isa = XCRemoteSwiftPackageReference;
			repositoryURL = "https://github.com/WalletConnect/WalletConnectSwiftV2";
			requirement = {
				kind = upToNextMajorVersion;
				minimumVersion = 1.9.1;
			};
		};
		A7CA05192AEE8048003B7774 /* XCRemoteSwiftPackageReference "Starscream" */ = {
			isa = XCRemoteSwiftPackageReference;
			repositoryURL = "https://github.com/daltoniam/Starscream";
			requirement = {
				kind = exactVersion;
				version = 3.1.2;
			};
		};
		A7CA051C2AEE80E5003B7774 /* XCRemoteSwiftPackageReference "Web3" */ = {
			isa = XCRemoteSwiftPackageReference;
			repositoryURL = "https://github.com/WalletConnect/Web3.swift";
			requirement = {
				kind = upToNextMajorVersion;
				minimumVersion = 1.0.2;
			};
		};
/* End XCRemoteSwiftPackageReference section */

/* Begin XCSwiftPackageProductDependency section */
		A7CA050C2AEE65B3003B7774 /* WalletConnect */ = {
			isa = XCSwiftPackageProductDependency;
			package = A7CA050B2AEE65B3003B7774 /* XCRemoteSwiftPackageReference "WalletConnectSwiftV2" */;
			productName = WalletConnect;
		};
		A7CA050E2AEE65B3003B7774 /* WalletConnectAuth */ = {
			isa = XCSwiftPackageProductDependency;
			package = A7CA050B2AEE65B3003B7774 /* XCRemoteSwiftPackageReference "WalletConnectSwiftV2" */;
			productName = WalletConnectAuth;
		};
		A7CA05102AEE65B3003B7774 /* WalletConnectChat */ = {
			isa = XCSwiftPackageProductDependency;
			package = A7CA050B2AEE65B3003B7774 /* XCRemoteSwiftPackageReference "WalletConnectSwiftV2" */;
			productName = WalletConnectChat;
		};
		A7CA05122AEE65B3003B7774 /* WalletConnectHistory */ = {
			isa = XCSwiftPackageProductDependency;
			package = A7CA050B2AEE65B3003B7774 /* XCRemoteSwiftPackageReference "WalletConnectSwiftV2" */;
			productName = WalletConnectHistory;
		};
		A7CA05142AEE65B3003B7774 /* WalletConnectModal */ = {
			isa = XCSwiftPackageProductDependency;
			package = A7CA050B2AEE65B3003B7774 /* XCRemoteSwiftPackageReference "WalletConnectSwiftV2" */;
			productName = WalletConnectModal;
		};
		A7CA051A2AEE8048003B7774 /* Starscream */ = {
			isa = XCSwiftPackageProductDependency;
			package = A7CA05192AEE8048003B7774 /* XCRemoteSwiftPackageReference "Starscream" */;
			productName = Starscream;
		};
		A7CA051D2AEE80E5003B7774 /* Web3 */ = {
			isa = XCSwiftPackageProductDependency;
			package = A7CA051C2AEE80E5003B7774 /* XCRemoteSwiftPackageReference "Web3" */;
			productName = Web3;
		};
		A7CA051F2AEE80E5003B7774 /* Web3ContractABI */ = {
			isa = XCSwiftPackageProductDependency;
			package = A7CA051C2AEE80E5003B7774 /* XCRemoteSwiftPackageReference "Web3" */;
			productName = Web3ContractABI;
		};
		A7CA05212AEE80E5003B7774 /* Web3PromiseKit */ = {
			isa = XCSwiftPackageProductDependency;
			package = A7CA051C2AEE80E5003B7774 /* XCRemoteSwiftPackageReference "Web3" */;
			productName = Web3PromiseKit;
		};
/* End XCSwiftPackageProductDependency section */
	};
	rootObject = A7CA04F22AEE64B6003B7774 /* Project object */;
}
